
Microsoft Visual Studio Solution File, Format Version 12.00
# Visual Studio Version 17
VisualStudioVersion = 17.6.33723.286
MinimumVisualStudioVersion = 10.0.40219.1
Project("{FAE04EC0-301F-11D3-BF4B-00C04F79EFBC}") = "Images", "Images\Images.csproj", "{56044907-FEBD-4940-AB8B-EE5AF4069E88}"
EndProject
Global
	GlobalSection(SolutionConfigurationPlatforms) = preSolution
		Debug|Any CPU = Debug|Any CPU
		Release|Any CPU = Release|Any CPU
	EndGlobalSection
	GlobalSection(ProjectConfigurationPlatforms) = postSolution
		{56044907-FEBD-4940-AB8B-EE5AF4069E88}.Debug|Any CPU.ActiveCfg = Debug|Any CPU
		{56044907-FEBD-4940-AB8B-EE5AF4069E88}.Debug|Any CPU.Build.0 = Debug|Any CPU
		{56044907-FEBD-4940-AB8B-EE5AF4069E88}.Release|Any CPU.ActiveCfg = Release|Any CPU
		{56044907-FEBD-4940-AB8B-EE5AF4069E88}.Release|Any CPU.Build.0 = Release|Any CPU
	EndGlobalSection
	GlobalSection(SolutionProperties) = preSolution
		HideSolutionNode = FALSE
	EndGlobalSection
	GlobalSection(ExtensibilityGlobals) = postSolution
		SolutionGuid = {FFBFA126-3582-4D59-8C08-58C9478C29C6}
	EndGlobalSection
EndGlobal
